
Microsoft Visual Studio Solution File, Format Version 12.00
# Visual Studio 15
VisualStudioVersion = 15.0.27703.2018
MinimumVisualStudioVersion = 10.0.40219.1
Project("{FAE04EC0-301F-11D3-BF4B-00C04F79EFBC}") = "IMDB", "IMDB\IMDB.csproj", "{F2B7F1E0-86F2-431B-A34E-4A639ADB8D57}"
EndProject
Global
	GlobalSection(SolutionConfigurationPlatforms) = preSolution
		Debug|Any CPU = Debug|Any CPU
		Release|Any CPU = Release|Any CPU
	EndGlobalSection
	GlobalSection(ProjectConfigurationPlatforms) = postSolution
		{F2B7F1E0-86F2-431B-A34E-4A639ADB8D57}.Debug|Any CPU.ActiveCfg = Debug|Any CPU
		{F2B7F1E0-86F2-431B-A34E-4A639ADB8D57}.Debug|Any CPU.Build.0 = Debug|Any CPU
		{F2B7F1E0-86F2-431B-A34E-4A639ADB8D57}.Release|Any CPU.ActiveCfg = Release|Any CPU
		{F2B7F1E0-86F2-431B-A34E-4A639ADB8D57}.Release|Any CPU.Build.0 = Release|Any CPU
	EndGlobalSection
	GlobalSection(SolutionProperties) = preSolution
		HideSolutionNode = FALSE
	EndGlobalSection
	GlobalSection(ExtensibilityGlobals) = postSolution
		SolutionGuid = {FB06BABB-DD6B-4EEF-8724-973D1381D73A}
	EndGlobalSection
EndGlobal
